### YamlMime:ManagedReference
items:
- uid: ESRI.ArcGIS.Geodatabase.ITinClock
  commentId: T:ESRI.ArcGIS.Geodatabase.ITinClock
  id: ITinClock
  parent: ESRI.ArcGIS.Geodatabase
  children:
  - ESRI.ArcGIS.Geodatabase.ITinClock.GetElapsedTime
  - ESRI.ArcGIS.Geodatabase.ITinClock.Reset
  - ESRI.ArcGIS.Geodatabase.ITinClock.Sleep(System.Double)
  langs:
  - csharp
  - vb
  name: ITinClock
  nameWithType: ITinClock
  fullName: ESRI.ArcGIS.Geodatabase.ITinClock
  type: Interface
  assemblies:
  - ESRI.Server.Geodatabase
  namespace: ESRI.ArcGIS.Geodatabase
  summary: Provides timing utilities.
  example: []
  syntax:
    content: >-
      [InterfaceType(ComInterfaceType.InterfaceIsIUnknown)]

      [Guid("75D08EF4-23AA-11D5-ABA6-0008C73FD50C")]

      public interface ITinClock
    content.vb: >-
      <InterfaceType(ComInterfaceType.InterfaceIsIUnknown)>

      <Guid("75D08EF4-23AA-11D5-ABA6-0008C73FD50C")>

      Public Interface ITinClock
  derivedClasses:
  - ESRI.ArcGIS.Geodatabase.TinClass
  attributes:
  - type: System.Runtime.InteropServices.InterfaceTypeAttribute
    ctor: System.Runtime.InteropServices.InterfaceTypeAttribute.#ctor(System.Runtime.InteropServices.ComInterfaceType)
    arguments:
    - type: System.Runtime.InteropServices.ComInterfaceType
      value: 1
  - type: System.Runtime.InteropServices.GuidAttribute
    ctor: System.Runtime.InteropServices.GuidAttribute.#ctor(System.String)
    arguments:
    - type: System.String
      value: 75D08EF4-23AA-11D5-ABA6-0008C73FD50C
- uid: ESRI.ArcGIS.Geodatabase.ITinClock.Reset
  commentId: M:ESRI.ArcGIS.Geodatabase.ITinClock.Reset
  id: Reset
  parent: ESRI.ArcGIS.Geodatabase.ITinClock
  langs:
  - csharp
  - vb
  name: Reset()
  nameWithType: ITinClock.Reset()
  fullName: ESRI.ArcGIS.Geodatabase.ITinClock.Reset()
  type: Method
  assemblies:
  - ESRI.Server.Geodatabase
  namespace: ESRI.ArcGIS.Geodatabase
  summary: Reset clock.
  example:
  - >-
    <codeTitle>Sample Snippet</codeTitle>

    <pre><code class="lang-csharp"></code></pre>
  syntax:
    content: void Reset()
    content.vb: Sub Reset()
  overload: ESRI.ArcGIS.Geodatabase.ITinClock.Reset*
- uid: ESRI.ArcGIS.Geodatabase.ITinClock.Sleep(System.Double)
  commentId: M:ESRI.ArcGIS.Geodatabase.ITinClock.Sleep(System.Double)
  id: Sleep(System.Double)
  parent: ESRI.ArcGIS.Geodatabase.ITinClock
  langs:
  - csharp
  - vb
  name: Sleep(double)
  nameWithType: ITinClock.Sleep(double)
  fullName: ESRI.ArcGIS.Geodatabase.ITinClock.Sleep(double)
  type: Method
  assemblies:
  - ESRI.Server.Geodatabase
  namespace: ESRI.ArcGIS.Geodatabase
  summary: Suspends the execution of the current thread for the specified interval (in seconds).
  example:
  - >-
    <codeTitle>Sample Snippet</codeTitle>

    <pre><code class="lang-csharp"></code></pre>
  syntax:
    content: void Sleep(double Seconds)
    parameters:
    - id: Seconds
      type: System.Double
    content.vb: Sub Sleep(Seconds As Double)
  overload: ESRI.ArcGIS.Geodatabase.ITinClock.Sleep*
  nameWithType.vb: ITinClock.Sleep(Double)
  fullName.vb: ESRI.ArcGIS.Geodatabase.ITinClock.Sleep(Double)
  name.vb: Sleep(Double)
- uid: ESRI.ArcGIS.Geodatabase.ITinClock.GetElapsedTime
  commentId: M:ESRI.ArcGIS.Geodatabase.ITinClock.GetElapsedTime
  id: GetElapsedTime
  parent: ESRI.ArcGIS.Geodatabase.ITinClock
  langs:
  - csharp
  - vb
  name: GetElapsedTime()
  nameWithType: ITinClock.GetElapsedTime()
  fullName: ESRI.ArcGIS.Geodatabase.ITinClock.GetElapsedTime()
  type: Method
  assemblies:
  - ESRI.Server.Geodatabase
  namespace: ESRI.ArcGIS.Geodatabase
  summary: Return elapsed (since last Reset call) time in seconds.
  example:
  - >-
    <codeTitle>Sample Snippet</codeTitle>

    <pre><code class="lang-csharp"></code></pre>
  syntax:
    content: double GetElapsedTime()
    return:
      type: System.Double
    content.vb: Function GetElapsedTime() As Double
  overload: ESRI.ArcGIS.Geodatabase.ITinClock.GetElapsedTime*
references:
- uid: ESRI.ArcGIS.Geodatabase
  commentId: N:ESRI.ArcGIS.Geodatabase
  isExternal: true
  href: ESRI.html
  name: ESRI.ArcGIS.Geodatabase
  nameWithType: ESRI.ArcGIS.Geodatabase
  fullName: ESRI.ArcGIS.Geodatabase
  spec.csharp:
  - uid: ESRI
    name: ESRI
    isExternal: true
    href: ESRI.html
  - name: .
  - uid: ESRI.ArcGIS
    name: ArcGIS
    isExternal: true
    href: ESRI.ArcGIS.html
  - name: .
  - uid: ESRI.ArcGIS.Geodatabase
    name: Geodatabase
    isExternal: true
    href: ESRI.ArcGIS.Geodatabase.html
  spec.vb:
  - uid: ESRI
    name: ESRI
    isExternal: true
    href: ESRI.html
  - name: .
  - uid: ESRI.ArcGIS
    name: ArcGIS
    isExternal: true
    href: ESRI.ArcGIS.html
  - name: .
  - uid: ESRI.ArcGIS.Geodatabase
    name: Geodatabase
    isExternal: true
    href: ESRI.ArcGIS.Geodatabase.html
- uid: ESRI.ArcGIS.Geodatabase.ITinClock.Reset*
  commentId: Overload:ESRI.ArcGIS.Geodatabase.ITinClock.Reset
  isExternal: true
  href: ESRI.ArcGIS.Geodatabase.ITinClock.html#ESRI_ArcGIS_Geodatabase_ITinClock_Reset
  name: Reset
  nameWithType: ITinClock.Reset
  fullName: ESRI.ArcGIS.Geodatabase.ITinClock.Reset
- uid: ESRI.ArcGIS.Geodatabase.ITinClock.Sleep*
  commentId: Overload:ESRI.ArcGIS.Geodatabase.ITinClock.Sleep
  isExternal: true
  href: ESRI.ArcGIS.Geodatabase.ITinClock.html#ESRI_ArcGIS_Geodatabase_ITinClock_Sleep_System_Double_
  name: Sleep
  nameWithType: ITinClock.Sleep
  fullName: ESRI.ArcGIS.Geodatabase.ITinClock.Sleep
- uid: System.Double
  commentId: T:System.Double
  parent: System
  isExternal: true
  href: https://learn.microsoft.com/dotnet/api/system.double
  name: double
  nameWithType: double
  fullName: double
  nameWithType.vb: Double
  fullName.vb: Double
  name.vb: Double
- uid: System
  commentId: N:System
  isExternal: true
  href: https://learn.microsoft.com/dotnet/api/system
  name: System
  nameWithType: System
  fullName: System
- uid: ESRI.ArcGIS.Geodatabase.ITinClock.GetElapsedTime*
  commentId: Overload:ESRI.ArcGIS.Geodatabase.ITinClock.GetElapsedTime
  isExternal: true
  href: ESRI.ArcGIS.Geodatabase.ITinClock.html#ESRI_ArcGIS_Geodatabase_ITinClock_GetElapsedTime
  name: GetElapsedTime
  nameWithType: ITinClock.GetElapsedTime
  fullName: ESRI.ArcGIS.Geodatabase.ITinClock.GetElapsedTime
