### YamlMime:ManagedReference
items:
- uid: ESRI.ArcGIS.Geodatabase.esriSchemaLock
  commentId: T:ESRI.ArcGIS.Geodatabase.esriSchemaLock
  id: esriSchemaLock
  parent: ESRI.ArcGIS.Geodatabase
  children:
  - ESRI.ArcGIS.Geodatabase.esriSchemaLock.esriExclusiveSchemaLock
  - ESRI.ArcGIS.Geodatabase.esriSchemaLock.esriSharedSchemaLock
  langs:
  - csharp
  - vb
  name: esriSchemaLock
  nameWithType: esriSchemaLock
  fullName: ESRI.ArcGIS.Geodatabase.esriSchemaLock
  type: Enum
  assemblies:
  - ESRI.Server.Geodatabase
  namespace: ESRI.ArcGIS.Geodatabase
  summary: Schema Locks.
  example: []
  syntax:
    content: >-
      [Guid("EC0DC325-20DD-11D3-80B1-00C04F686238")]

      public enum esriSchemaLock
    content.vb: >-
      <Guid("EC0DC325-20DD-11D3-80B1-00C04F686238")>

      Public Enum esriSchemaLock
  attributes:
  - type: System.Runtime.InteropServices.GuidAttribute
    ctor: System.Runtime.InteropServices.GuidAttribute.#ctor(System.String)
    arguments:
    - type: System.String
      value: EC0DC325-20DD-11D3-80B1-00C04F686238
- uid: ESRI.ArcGIS.Geodatabase.esriSchemaLock.esriSharedSchemaLock
  commentId: F:ESRI.ArcGIS.Geodatabase.esriSchemaLock.esriSharedSchemaLock
  id: esriSharedSchemaLock
  parent: ESRI.ArcGIS.Geodatabase.esriSchemaLock
  langs:
  - csharp
  - vb
  name: esriSharedSchemaLock
  nameWithType: esriSchemaLock.esriSharedSchemaLock
  fullName: ESRI.ArcGIS.Geodatabase.esriSchemaLock.esriSharedSchemaLock
  type: Field
  assemblies:
  - ESRI.Server.Geodatabase
  namespace: ESRI.ArcGIS.Geodatabase
  summary: '1: Shared Schema Lock.'
  example: []
  syntax:
    content: esriSharedSchemaLock = 1
    return:
      type: ESRI.ArcGIS.Geodatabase.esriSchemaLock
- uid: ESRI.ArcGIS.Geodatabase.esriSchemaLock.esriExclusiveSchemaLock
  commentId: F:ESRI.ArcGIS.Geodatabase.esriSchemaLock.esriExclusiveSchemaLock
  id: esriExclusiveSchemaLock
  parent: ESRI.ArcGIS.Geodatabase.esriSchemaLock
  langs:
  - csharp
  - vb
  name: esriExclusiveSchemaLock
  nameWithType: esriSchemaLock.esriExclusiveSchemaLock
  fullName: ESRI.ArcGIS.Geodatabase.esriSchemaLock.esriExclusiveSchemaLock
  type: Field
  assemblies:
  - ESRI.Server.Geodatabase
  namespace: ESRI.ArcGIS.Geodatabase
  summary: '2: Shared Exclusive Lock.'
  example: []
  syntax:
    content: esriExclusiveSchemaLock = 2
    return:
      type: ESRI.ArcGIS.Geodatabase.esriSchemaLock
references:
- uid: ESRI.ArcGIS.Geodatabase
  commentId: N:ESRI.ArcGIS.Geodatabase
  isExternal: true
  href: ESRI.html
  name: ESRI.ArcGIS.Geodatabase
  nameWithType: ESRI.ArcGIS.Geodatabase
  fullName: ESRI.ArcGIS.Geodatabase
  spec.csharp:
  - uid: ESRI
    name: ESRI
    isExternal: true
    href: ESRI.html
  - name: .
  - uid: ESRI.ArcGIS
    name: ArcGIS
    isExternal: true
    href: ESRI.ArcGIS.html
  - name: .
  - uid: ESRI.ArcGIS.Geodatabase
    name: Geodatabase
    isExternal: true
    href: ESRI.ArcGIS.Geodatabase.html
  spec.vb:
  - uid: ESRI
    name: ESRI
    isExternal: true
    href: ESRI.html
  - name: .
  - uid: ESRI.ArcGIS
    name: ArcGIS
    isExternal: true
    href: ESRI.ArcGIS.html
  - name: .
  - uid: ESRI.ArcGIS.Geodatabase
    name: Geodatabase
    isExternal: true
    href: ESRI.ArcGIS.Geodatabase.html
- uid: ESRI.ArcGIS.Geodatabase.esriSchemaLock
  commentId: T:ESRI.ArcGIS.Geodatabase.esriSchemaLock
  parent: ESRI.ArcGIS.Geodatabase
  isExternal: true
  href: ESRI.ArcGIS.Geodatabase.esriSchemaLock.html
  name: esriSchemaLock
  nameWithType: esriSchemaLock
  fullName: ESRI.ArcGIS.Geodatabase.esriSchemaLock
