### YamlMime:ManagedReference
items:
- uid: ESRI.ArcGIS.Geodatabase.IFileDataLock
  commentId: T:ESRI.ArcGIS.Geodatabase.IFileDataLock
  id: IFileDataLock
  parent: ESRI.ArcGIS.Geodatabase
  children:
  - ESRI.ArcGIS.Geodatabase.IFileDataLock.AcquireFileLock(ESRI.ArcGIS.esriSystem.esriLockMgrType)
  - ESRI.ArcGIS.Geodatabase.IFileDataLock.ChangeFileLock(ESRI.ArcGIS.esriSystem.esriLockMgrType)
  - ESRI.ArcGIS.Geodatabase.IFileDataLock.GetLockType
  - ESRI.ArcGIS.Geodatabase.IFileDataLock.ReleaseFileLock
  langs:
  - csharp
  - vb
  name: IFileDataLock
  nameWithType: IFileDataLock
  fullName: ESRI.ArcGIS.Geodatabase.IFileDataLock
  type: Interface
  assemblies:
  - ESRI.Server.Geodatabase
  namespace: ESRI.ArcGIS.Geodatabase
  summary: Provides access to file data sources data lock functionality.
  example: []
  syntax:
    content: >-
      [InterfaceType(ComInterfaceType.InterfaceIsIUnknown)]

      [Guid("ADF6D66D-A47A-11D4-9F87-00C04F6BDF0E")]

      public interface IFileDataLock
    content.vb: >-
      <InterfaceType(ComInterfaceType.InterfaceIsIUnknown)>

      <Guid("ADF6D66D-A47A-11D4-9F87-00C04F6BDF0E")>

      Public Interface IFileDataLock
  attributes:
  - type: System.Runtime.InteropServices.InterfaceTypeAttribute
    ctor: System.Runtime.InteropServices.InterfaceTypeAttribute.#ctor(System.Runtime.InteropServices.ComInterfaceType)
    arguments:
    - type: System.Runtime.InteropServices.ComInterfaceType
      value: 1
  - type: System.Runtime.InteropServices.GuidAttribute
    ctor: System.Runtime.InteropServices.GuidAttribute.#ctor(System.String)
    arguments:
    - type: System.String
      value: ADF6D66D-A47A-11D4-9F87-00C04F6BDF0E
- uid: ESRI.ArcGIS.Geodatabase.IFileDataLock.AcquireFileLock(ESRI.ArcGIS.esriSystem.esriLockMgrType)
  commentId: M:ESRI.ArcGIS.Geodatabase.IFileDataLock.AcquireFileLock(ESRI.ArcGIS.esriSystem.esriLockMgrType)
  id: AcquireFileLock(ESRI.ArcGIS.esriSystem.esriLockMgrType)
  parent: ESRI.ArcGIS.Geodatabase.IFileDataLock
  langs:
  - csharp
  - vb
  name: AcquireFileLock(esriLockMgrType)
  nameWithType: IFileDataLock.AcquireFileLock(esriLockMgrType)
  fullName: ESRI.ArcGIS.Geodatabase.IFileDataLock.AcquireFileLock(ESRI.ArcGIS.esriSystem.esriLockMgrType)
  type: Method
  assemblies:
  - ESRI.Server.Geodatabase
  namespace: ESRI.ArcGIS.Geodatabase
  syntax:
    content: void AcquireFileLock(esriLockMgrType LockType)
    parameters:
    - id: LockType
      type: ESRI.ArcGIS.esriSystem.esriLockMgrType
    content.vb: Sub AcquireFileLock(LockType As esriLockMgrType)
  overload: ESRI.ArcGIS.Geodatabase.IFileDataLock.AcquireFileLock*
- uid: ESRI.ArcGIS.Geodatabase.IFileDataLock.ReleaseFileLock
  commentId: M:ESRI.ArcGIS.Geodatabase.IFileDataLock.ReleaseFileLock
  id: ReleaseFileLock
  parent: ESRI.ArcGIS.Geodatabase.IFileDataLock
  langs:
  - csharp
  - vb
  name: ReleaseFileLock()
  nameWithType: IFileDataLock.ReleaseFileLock()
  fullName: ESRI.ArcGIS.Geodatabase.IFileDataLock.ReleaseFileLock()
  type: Method
  assemblies:
  - ESRI.Server.Geodatabase
  namespace: ESRI.ArcGIS.Geodatabase
  summary: Release a file data lock.
  example:
  - >-
    <codeTitle>Sample Snippet</codeTitle>

    <pre><code class="lang-csharp"></code></pre>
  syntax:
    content: void ReleaseFileLock()
    content.vb: Sub ReleaseFileLock()
  overload: ESRI.ArcGIS.Geodatabase.IFileDataLock.ReleaseFileLock*
- uid: ESRI.ArcGIS.Geodatabase.IFileDataLock.ChangeFileLock(ESRI.ArcGIS.esriSystem.esriLockMgrType)
  commentId: M:ESRI.ArcGIS.Geodatabase.IFileDataLock.ChangeFileLock(ESRI.ArcGIS.esriSystem.esriLockMgrType)
  id: ChangeFileLock(ESRI.ArcGIS.esriSystem.esriLockMgrType)
  parent: ESRI.ArcGIS.Geodatabase.IFileDataLock
  langs:
  - csharp
  - vb
  name: ChangeFileLock(esriLockMgrType)
  nameWithType: IFileDataLock.ChangeFileLock(esriLockMgrType)
  fullName: ESRI.ArcGIS.Geodatabase.IFileDataLock.ChangeFileLock(ESRI.ArcGIS.esriSystem.esriLockMgrType)
  type: Method
  assemblies:
  - ESRI.Server.Geodatabase
  namespace: ESRI.ArcGIS.Geodatabase
  syntax:
    content: void ChangeFileLock(esriLockMgrType LockType)
    parameters:
    - id: LockType
      type: ESRI.ArcGIS.esriSystem.esriLockMgrType
    content.vb: Sub ChangeFileLock(LockType As esriLockMgrType)
  overload: ESRI.ArcGIS.Geodatabase.IFileDataLock.ChangeFileLock*
- uid: ESRI.ArcGIS.Geodatabase.IFileDataLock.GetLockType
  commentId: M:ESRI.ArcGIS.Geodatabase.IFileDataLock.GetLockType
  id: GetLockType
  parent: ESRI.ArcGIS.Geodatabase.IFileDataLock
  langs:
  - csharp
  - vb
  name: GetLockType()
  nameWithType: IFileDataLock.GetLockType()
  fullName: ESRI.ArcGIS.Geodatabase.IFileDataLock.GetLockType()
  type: Method
  assemblies:
  - ESRI.Server.Geodatabase
  namespace: ESRI.ArcGIS.Geodatabase
  summary: Get the lock type.
  example:
  - >-
    <codeTitle>Sample Snippet</codeTitle>

    <pre><code class="lang-csharp"></code></pre>
  syntax:
    content: esriLockMgrType GetLockType()
    return:
      type: ESRI.ArcGIS.esriSystem.esriLockMgrType
    content.vb: Function GetLockType() As esriLockMgrType
  overload: ESRI.ArcGIS.Geodatabase.IFileDataLock.GetLockType*
references:
- uid: ESRI.ArcGIS.Geodatabase
  commentId: N:ESRI.ArcGIS.Geodatabase
  isExternal: true
  href: ESRI.html
  name: ESRI.ArcGIS.Geodatabase
  nameWithType: ESRI.ArcGIS.Geodatabase
  fullName: ESRI.ArcGIS.Geodatabase
  spec.csharp:
  - uid: ESRI
    name: ESRI
    isExternal: true
    href: ESRI.html
  - name: .
  - uid: ESRI.ArcGIS
    name: ArcGIS
    isExternal: true
    href: ESRI.ArcGIS.html
  - name: .
  - uid: ESRI.ArcGIS.Geodatabase
    name: Geodatabase
    isExternal: true
    href: ESRI.ArcGIS.Geodatabase.html
  spec.vb:
  - uid: ESRI
    name: ESRI
    isExternal: true
    href: ESRI.html
  - name: .
  - uid: ESRI.ArcGIS
    name: ArcGIS
    isExternal: true
    href: ESRI.ArcGIS.html
  - name: .
  - uid: ESRI.ArcGIS.Geodatabase
    name: Geodatabase
    isExternal: true
    href: ESRI.ArcGIS.Geodatabase.html
- uid: ESRI.ArcGIS.Geodatabase.IFileDataLock.AcquireFileLock*
  commentId: Overload:ESRI.ArcGIS.Geodatabase.IFileDataLock.AcquireFileLock
  isExternal: true
  href: ESRI.ArcGIS.Geodatabase.IFileDataLock.html#ESRI_ArcGIS_Geodatabase_IFileDataLock_AcquireFileLock_ESRI_ArcGIS_esriSystem_esriLockMgrType_
  name: AcquireFileLock
  nameWithType: IFileDataLock.AcquireFileLock
  fullName: ESRI.ArcGIS.Geodatabase.IFileDataLock.AcquireFileLock
- uid: ESRI.ArcGIS.esriSystem.esriLockMgrType
  commentId: T:ESRI.ArcGIS.esriSystem.esriLockMgrType
  parent: ESRI.ArcGIS.esriSystem
  isExternal: true
  href: ESRI.ArcGIS.esriSystem.esriLockMgrType.html
  name: esriLockMgrType
  nameWithType: esriLockMgrType
  fullName: ESRI.ArcGIS.esriSystem.esriLockMgrType
- uid: ESRI.ArcGIS.esriSystem
  commentId: N:ESRI.ArcGIS.esriSystem
  isExternal: true
  href: ESRI.html
  name: ESRI.ArcGIS.esriSystem
  nameWithType: ESRI.ArcGIS.esriSystem
  fullName: ESRI.ArcGIS.esriSystem
  spec.csharp:
  - uid: ESRI
    name: ESRI
    isExternal: true
    href: ESRI.html
  - name: .
  - uid: ESRI.ArcGIS
    name: ArcGIS
    isExternal: true
    href: ESRI.ArcGIS.html
  - name: .
  - uid: ESRI.ArcGIS.esriSystem
    name: esriSystem
    isExternal: true
    href: ESRI.ArcGIS.esriSystem.html
  spec.vb:
  - uid: ESRI
    name: ESRI
    isExternal: true
    href: ESRI.html
  - name: .
  - uid: ESRI.ArcGIS
    name: ArcGIS
    isExternal: true
    href: ESRI.ArcGIS.html
  - name: .
  - uid: ESRI.ArcGIS.esriSystem
    name: esriSystem
    isExternal: true
    href: ESRI.ArcGIS.esriSystem.html
- uid: ESRI.ArcGIS.Geodatabase.IFileDataLock.ReleaseFileLock*
  commentId: Overload:ESRI.ArcGIS.Geodatabase.IFileDataLock.ReleaseFileLock
  isExternal: true
  href: ESRI.ArcGIS.Geodatabase.IFileDataLock.html#ESRI_ArcGIS_Geodatabase_IFileDataLock_ReleaseFileLock
  name: ReleaseFileLock
  nameWithType: IFileDataLock.ReleaseFileLock
  fullName: ESRI.ArcGIS.Geodatabase.IFileDataLock.ReleaseFileLock
- uid: ESRI.ArcGIS.Geodatabase.IFileDataLock.ChangeFileLock*
  commentId: Overload:ESRI.ArcGIS.Geodatabase.IFileDataLock.ChangeFileLock
  isExternal: true
  href: ESRI.ArcGIS.Geodatabase.IFileDataLock.html#ESRI_ArcGIS_Geodatabase_IFileDataLock_ChangeFileLock_ESRI_ArcGIS_esriSystem_esriLockMgrType_
  name: ChangeFileLock
  nameWithType: IFileDataLock.ChangeFileLock
  fullName: ESRI.ArcGIS.Geodatabase.IFileDataLock.ChangeFileLock
- uid: ESRI.ArcGIS.Geodatabase.IFileDataLock.GetLockType*
  commentId: Overload:ESRI.ArcGIS.Geodatabase.IFileDataLock.GetLockType
  isExternal: true
  href: ESRI.ArcGIS.Geodatabase.IFileDataLock.html#ESRI_ArcGIS_Geodatabase_IFileDataLock_GetLockType
  name: GetLockType
  nameWithType: IFileDataLock.GetLockType
  fullName: ESRI.ArcGIS.Geodatabase.IFileDataLock.GetLockType
