### YamlMime:ManagedReference
items:
- uid: ESRI.ArcGIS.DatasourcesRaster.PixelBlock
  commentId: T:ESRI.ArcGIS.DatasourcesRaster.PixelBlock
  id: PixelBlock
  parent: ESRI.ArcGIS.DatasourcesRaster
  children: []
  langs:
  - csharp
  - vb
  name: PixelBlock
  nameWithType: PixelBlock
  fullName: ESRI.ArcGIS.DatasourcesRaster.PixelBlock
  type: Interface
  assemblies:
  - ESRI.Server.DatasourcesRaster
  namespace: ESRI.ArcGIS.DatasourcesRaster
  summary: Esri PixelBlock, a container of pixel data.
  example: []
  syntax:
    content: >-
      [Guid("169BAFE0-40F6-11D2-9CFA-00A0249480F0")]

      public interface PixelBlock : IPixelBlock
    content.vb: >-
      <Guid("169BAFE0-40F6-11D2-9CFA-00A0249480F0")>

      Public Interface PixelBlock Inherits IPixelBlock
  derivedClasses:
  - ESRI.ArcGIS.DatasourcesRaster.PixelBlockClass
  inheritedMembers:
  - ESRI.ArcGIS.Geodatabase.IPixelBlock.GetVal(System.Int32,System.Int32,System.Int32)
  - ESRI.ArcGIS.Geodatabase.IPixelBlock.Planes
  - ESRI.ArcGIS.Geodatabase.IPixelBlock.Width
  - ESRI.ArcGIS.Geodatabase.IPixelBlock.Height
  - ESRI.ArcGIS.Geodatabase.IPixelBlock.PixelType(System.Int32)
  - ESRI.ArcGIS.Geodatabase.IPixelBlock.BytesPerPixel
  - ESRI.ArcGIS.Geodatabase.IPixelBlock.SafeArray(System.Int32)
  attributes:
  - type: System.Runtime.InteropServices.GuidAttribute
    ctor: System.Runtime.InteropServices.GuidAttribute.#ctor(System.String)
    arguments:
    - type: System.String
      value: 169BAFE0-40F6-11D2-9CFA-00A0249480F0
references:
- uid: ESRI.ArcGIS.DatasourcesRaster
  commentId: N:ESRI.ArcGIS.DatasourcesRaster
  isExternal: true
  href: ESRI.html
  name: ESRI.ArcGIS.DatasourcesRaster
  nameWithType: ESRI.ArcGIS.DatasourcesRaster
  fullName: ESRI.ArcGIS.DatasourcesRaster
  spec.csharp:
  - uid: ESRI
    name: ESRI
    isExternal: true
    href: ESRI.html
  - name: .
  - uid: ESRI.ArcGIS
    name: ArcGIS
    isExternal: true
    href: ESRI.ArcGIS.html
  - name: .
  - uid: ESRI.ArcGIS.DatasourcesRaster
    name: DatasourcesRaster
    isExternal: true
    href: ESRI.ArcGIS.DatasourcesRaster.html
  spec.vb:
  - uid: ESRI
    name: ESRI
    isExternal: true
    href: ESRI.html
  - name: .
  - uid: ESRI.ArcGIS
    name: ArcGIS
    isExternal: true
    href: ESRI.ArcGIS.html
  - name: .
  - uid: ESRI.ArcGIS.DatasourcesRaster
    name: DatasourcesRaster
    isExternal: true
    href: ESRI.ArcGIS.DatasourcesRaster.html
- uid: ESRI.ArcGIS.Geodatabase.IPixelBlock.GetVal(System.Int32,System.Int32,System.Int32)
  commentId: M:ESRI.ArcGIS.Geodatabase.IPixelBlock.GetVal(System.Int32,System.Int32,System.Int32)
  parent: ESRI.ArcGIS.Geodatabase.IPixelBlock
  isExternal: true
  href: https://learn.microsoft.com/dotnet/api/system.int32
  name: GetVal(int, int, int)
  nameWithType: IPixelBlock.GetVal(int, int, int)
  fullName: ESRI.ArcGIS.Geodatabase.IPixelBlock.GetVal(int, int, int)
  nameWithType.vb: IPixelBlock.GetVal(Integer, Integer, Integer)
  fullName.vb: ESRI.ArcGIS.Geodatabase.IPixelBlock.GetVal(Integer, Integer, Integer)
  name.vb: GetVal(Integer, Integer, Integer)
  spec.csharp:
  - uid: ESRI.ArcGIS.Geodatabase.IPixelBlock.GetVal(System.Int32,System.Int32,System.Int32)
    name: GetVal
    isExternal: true
  - name: (
  - uid: System.Int32
    name: int
    isExternal: true
    href: https://learn.microsoft.com/dotnet/api/system.int32
  - name: ','
  - name: " "
  - uid: System.Int32
    name: int
    isExternal: true
    href: https://learn.microsoft.com/dotnet/api/system.int32
  - name: ','
  - name: " "
  - uid: System.Int32
    name: int
    isExternal: true
    href: https://learn.microsoft.com/dotnet/api/system.int32
  - name: )
  spec.vb:
  - uid: ESRI.ArcGIS.Geodatabase.IPixelBlock.GetVal(System.Int32,System.Int32,System.Int32)
    name: GetVal
    isExternal: true
  - name: (
  - uid: System.Int32
    name: Integer
    isExternal: true
    href: https://learn.microsoft.com/dotnet/api/system.int32
  - name: ','
  - name: " "
  - uid: System.Int32
    name: Integer
    isExternal: true
    href: https://learn.microsoft.com/dotnet/api/system.int32
  - name: ','
  - name: " "
  - uid: System.Int32
    name: Integer
    isExternal: true
    href: https://learn.microsoft.com/dotnet/api/system.int32
  - name: )
- uid: ESRI.ArcGIS.Geodatabase.IPixelBlock.Planes
  commentId: P:ESRI.ArcGIS.Geodatabase.IPixelBlock.Planes
  parent: ESRI.ArcGIS.Geodatabase.IPixelBlock
  isExternal: true
  name: Planes
  nameWithType: IPixelBlock.Planes
  fullName: ESRI.ArcGIS.Geodatabase.IPixelBlock.Planes
- uid: ESRI.ArcGIS.Geodatabase.IPixelBlock.Width
  commentId: P:ESRI.ArcGIS.Geodatabase.IPixelBlock.Width
  parent: ESRI.ArcGIS.Geodatabase.IPixelBlock
  isExternal: true
  name: Width
  nameWithType: IPixelBlock.Width
  fullName: ESRI.ArcGIS.Geodatabase.IPixelBlock.Width
- uid: ESRI.ArcGIS.Geodatabase.IPixelBlock.Height
  commentId: P:ESRI.ArcGIS.Geodatabase.IPixelBlock.Height
  parent: ESRI.ArcGIS.Geodatabase.IPixelBlock
  isExternal: true
  name: Height
  nameWithType: IPixelBlock.Height
  fullName: ESRI.ArcGIS.Geodatabase.IPixelBlock.Height
- uid: ESRI.ArcGIS.Geodatabase.IPixelBlock.PixelType(System.Int32)
  commentId: P:ESRI.ArcGIS.Geodatabase.IPixelBlock.PixelType(System.Int32)
  parent: ESRI.ArcGIS.Geodatabase.IPixelBlock
  isExternal: true
  href: https://learn.microsoft.com/dotnet/api/system.int32
  name: PixelType[int]
  nameWithType: IPixelBlock.PixelType[int]
  fullName: ESRI.ArcGIS.Geodatabase.IPixelBlock.PixelType[int]
  nameWithType.vb: IPixelBlock.PixelType(Integer)
  fullName.vb: ESRI.ArcGIS.Geodatabase.IPixelBlock.PixelType(Integer)
  name.vb: PixelType(Integer)
  spec.csharp:
  - uid: ESRI.ArcGIS.Geodatabase.IPixelBlock.PixelType(System.Int32)
    name: PixelType
    isExternal: true
  - name: '['
  - uid: System.Int32
    name: int
    isExternal: true
    href: https://learn.microsoft.com/dotnet/api/system.int32
  - name: ']'
  spec.vb:
  - uid: ESRI.ArcGIS.Geodatabase.IPixelBlock.PixelType(System.Int32)
    name: PixelType
    isExternal: true
  - name: (
  - uid: System.Int32
    name: Integer
    isExternal: true
    href: https://learn.microsoft.com/dotnet/api/system.int32
  - name: )
- uid: ESRI.ArcGIS.Geodatabase.IPixelBlock.BytesPerPixel
  commentId: P:ESRI.ArcGIS.Geodatabase.IPixelBlock.BytesPerPixel
  parent: ESRI.ArcGIS.Geodatabase.IPixelBlock
  isExternal: true
  name: BytesPerPixel
  nameWithType: IPixelBlock.BytesPerPixel
  fullName: ESRI.ArcGIS.Geodatabase.IPixelBlock.BytesPerPixel
- uid: ESRI.ArcGIS.Geodatabase.IPixelBlock.SafeArray(System.Int32)
  commentId: P:ESRI.ArcGIS.Geodatabase.IPixelBlock.SafeArray(System.Int32)
  parent: ESRI.ArcGIS.Geodatabase.IPixelBlock
  isExternal: true
  href: https://learn.microsoft.com/dotnet/api/system.int32
  name: SafeArray[int]
  nameWithType: IPixelBlock.SafeArray[int]
  fullName: ESRI.ArcGIS.Geodatabase.IPixelBlock.SafeArray[int]
  nameWithType.vb: IPixelBlock.SafeArray(Integer)
  fullName.vb: ESRI.ArcGIS.Geodatabase.IPixelBlock.SafeArray(Integer)
  name.vb: SafeArray(Integer)
  spec.csharp:
  - uid: ESRI.ArcGIS.Geodatabase.IPixelBlock.SafeArray(System.Int32)
    name: SafeArray
    isExternal: true
  - name: '['
  - uid: System.Int32
    name: int
    isExternal: true
    href: https://learn.microsoft.com/dotnet/api/system.int32
  - name: ']'
  spec.vb:
  - uid: ESRI.ArcGIS.Geodatabase.IPixelBlock.SafeArray(System.Int32)
    name: SafeArray
    isExternal: true
  - name: (
  - uid: System.Int32
    name: Integer
    isExternal: true
    href: https://learn.microsoft.com/dotnet/api/system.int32
  - name: )
- uid: ESRI.ArcGIS.Geodatabase.IPixelBlock
  commentId: T:ESRI.ArcGIS.Geodatabase.IPixelBlock
  parent: ESRI.ArcGIS.Geodatabase
  isExternal: true
  href: ESRI.ArcGIS.Geodatabase.IPixelBlock.html
  name: IPixelBlock
  nameWithType: IPixelBlock
  fullName: ESRI.ArcGIS.Geodatabase.IPixelBlock
- uid: ESRI.ArcGIS.Geodatabase
  commentId: N:ESRI.ArcGIS.Geodatabase
  isExternal: true
  href: ESRI.html
  name: ESRI.ArcGIS.Geodatabase
  nameWithType: ESRI.ArcGIS.Geodatabase
  fullName: ESRI.ArcGIS.Geodatabase
  spec.csharp:
  - uid: ESRI
    name: ESRI
    isExternal: true
    href: ESRI.html
  - name: .
  - uid: ESRI.ArcGIS
    name: ArcGIS
    isExternal: true
    href: ESRI.ArcGIS.html
  - name: .
  - uid: ESRI.ArcGIS.Geodatabase
    name: Geodatabase
    isExternal: true
    href: ESRI.ArcGIS.Geodatabase.html
  spec.vb:
  - uid: ESRI
    name: ESRI
    isExternal: true
    href: ESRI.html
  - name: .
  - uid: ESRI.ArcGIS
    name: ArcGIS
    isExternal: true
    href: ESRI.ArcGIS.html
  - name: .
  - uid: ESRI.ArcGIS.Geodatabase
    name: Geodatabase
    isExternal: true
    href: ESRI.ArcGIS.Geodatabase.html
