### YamlMime:ManagedReference
items:
- uid: ESRI.ArcGIS.Geodatabase.ISchemaLock
  commentId: T:ESRI.ArcGIS.Geodatabase.ISchemaLock
  id: ISchemaLock
  parent: ESRI.ArcGIS.Geodatabase
  children:
  - ESRI.ArcGIS.Geodatabase.ISchemaLock.ChangeSchemaLock(ESRI.ArcGIS.Geodatabase.esriSchemaLock)
  - ESRI.ArcGIS.Geodatabase.ISchemaLock.GetCurrentSchemaLocks(ESRI.ArcGIS.Geodatabase.IEnumSchemaLockInfo@)
  langs:
  - csharp
  - vb
  name: ISchemaLock
  nameWithType: ISchemaLock
  fullName: ESRI.ArcGIS.Geodatabase.ISchemaLock
  type: Interface
  assemblies:
  - ESRI.Server.Geodatabase
  namespace: ESRI.ArcGIS.Geodatabase
  summary: Provides access to members for accessing schema locking functionality.
  example: []
  syntax:
    content: >-
      [InterfaceType(ComInterfaceType.InterfaceIsIUnknown)]

      [Guid("DCA648E5-0FBB-11D3-80A5-00C04F686238")]

      public interface ISchemaLock
    content.vb: >-
      <InterfaceType(ComInterfaceType.InterfaceIsIUnknown)>

      <Guid("DCA648E5-0FBB-11D3-80A5-00C04F686238")>

      Public Interface ISchemaLock
  derivedClasses:
  - ESRI.ArcGIS.GeoDatabaseExtensions.TerrainClass
  - ESRI.ArcGIS.Geodatabase.CodedValueDomainClass
  - ESRI.ArcGIS.Geodatabase.FeatureClassClass
  - ESRI.ArcGIS.Geodatabase.ObjectClassClass
  - ESRI.ArcGIS.Geodatabase.RangeDomainClass
  - ESRI.ArcGIS.Geodatabase.RasterCatalogClass
  - ESRI.ArcGIS.Geodatabase.TableClass
  attributes:
  - type: System.Runtime.InteropServices.InterfaceTypeAttribute
    ctor: System.Runtime.InteropServices.InterfaceTypeAttribute.#ctor(System.Runtime.InteropServices.ComInterfaceType)
    arguments:
    - type: System.Runtime.InteropServices.ComInterfaceType
      value: 1
  - type: System.Runtime.InteropServices.GuidAttribute
    ctor: System.Runtime.InteropServices.GuidAttribute.#ctor(System.String)
    arguments:
    - type: System.String
      value: DCA648E5-0FBB-11D3-80A5-00C04F686238
- uid: ESRI.ArcGIS.Geodatabase.ISchemaLock.ChangeSchemaLock(ESRI.ArcGIS.Geodatabase.esriSchemaLock)
  commentId: M:ESRI.ArcGIS.Geodatabase.ISchemaLock.ChangeSchemaLock(ESRI.ArcGIS.Geodatabase.esriSchemaLock)
  id: ChangeSchemaLock(ESRI.ArcGIS.Geodatabase.esriSchemaLock)
  parent: ESRI.ArcGIS.Geodatabase.ISchemaLock
  langs:
  - csharp
  - vb
  name: ChangeSchemaLock(esriSchemaLock)
  nameWithType: ISchemaLock.ChangeSchemaLock(esriSchemaLock)
  fullName: ESRI.ArcGIS.Geodatabase.ISchemaLock.ChangeSchemaLock(ESRI.ArcGIS.Geodatabase.esriSchemaLock)
  type: Method
  assemblies:
  - ESRI.Server.Geodatabase
  namespace: ESRI.ArcGIS.Geodatabase
  summary: Changes a schema lock.
  example:
  - >-
    <codeTitle>Sample Snippet</codeTitle>

    <pre><code class="lang-csharp"></code></pre>
  syntax:
    content: void ChangeSchemaLock(esriSchemaLock schemaLock)
    parameters:
    - id: schemaLock
      type: ESRI.ArcGIS.Geodatabase.esriSchemaLock
    content.vb: Sub ChangeSchemaLock(schemaLock As esriSchemaLock)
  overload: ESRI.ArcGIS.Geodatabase.ISchemaLock.ChangeSchemaLock*
- uid: ESRI.ArcGIS.Geodatabase.ISchemaLock.GetCurrentSchemaLocks(ESRI.ArcGIS.Geodatabase.IEnumSchemaLockInfo@)
  commentId: M:ESRI.ArcGIS.Geodatabase.ISchemaLock.GetCurrentSchemaLocks(ESRI.ArcGIS.Geodatabase.IEnumSchemaLockInfo@)
  id: GetCurrentSchemaLocks(ESRI.ArcGIS.Geodatabase.IEnumSchemaLockInfo@)
  parent: ESRI.ArcGIS.Geodatabase.ISchemaLock
  langs:
  - csharp
  - vb
  name: GetCurrentSchemaLocks(out IEnumSchemaLockInfo)
  nameWithType: ISchemaLock.GetCurrentSchemaLocks(out IEnumSchemaLockInfo)
  fullName: ESRI.ArcGIS.Geodatabase.ISchemaLock.GetCurrentSchemaLocks(out ESRI.ArcGIS.Geodatabase.IEnumSchemaLockInfo)
  type: Method
  assemblies:
  - ESRI.Server.Geodatabase
  namespace: ESRI.ArcGIS.Geodatabase
  summary: The list of current locks.
  example:
  - >-
    <codeTitle>Sample Snippet</codeTitle>

    <pre><code class="lang-csharp"></code></pre>
  syntax:
    content: void GetCurrentSchemaLocks(out IEnumSchemaLockInfo schemaLockInfo)
    parameters:
    - id: schemaLockInfo
      type: ESRI.ArcGIS.Geodatabase.IEnumSchemaLockInfo
    content.vb: Sub GetCurrentSchemaLocks(schemaLockInfo As IEnumSchemaLockInfo)
  overload: ESRI.ArcGIS.Geodatabase.ISchemaLock.GetCurrentSchemaLocks*
  nameWithType.vb: ISchemaLock.GetCurrentSchemaLocks(IEnumSchemaLockInfo)
  fullName.vb: ESRI.ArcGIS.Geodatabase.ISchemaLock.GetCurrentSchemaLocks(ESRI.ArcGIS.Geodatabase.IEnumSchemaLockInfo)
  name.vb: GetCurrentSchemaLocks(IEnumSchemaLockInfo)
references:
- uid: ESRI.ArcGIS.Geodatabase
  commentId: N:ESRI.ArcGIS.Geodatabase
  isExternal: true
  href: ESRI.html
  name: ESRI.ArcGIS.Geodatabase
  nameWithType: ESRI.ArcGIS.Geodatabase
  fullName: ESRI.ArcGIS.Geodatabase
  spec.csharp:
  - uid: ESRI
    name: ESRI
    isExternal: true
    href: ESRI.html
  - name: .
  - uid: ESRI.ArcGIS
    name: ArcGIS
    isExternal: true
    href: ESRI.ArcGIS.html
  - name: .
  - uid: ESRI.ArcGIS.Geodatabase
    name: Geodatabase
    isExternal: true
    href: ESRI.ArcGIS.Geodatabase.html
  spec.vb:
  - uid: ESRI
    name: ESRI
    isExternal: true
    href: ESRI.html
  - name: .
  - uid: ESRI.ArcGIS
    name: ArcGIS
    isExternal: true
    href: ESRI.ArcGIS.html
  - name: .
  - uid: ESRI.ArcGIS.Geodatabase
    name: Geodatabase
    isExternal: true
    href: ESRI.ArcGIS.Geodatabase.html
- uid: ESRI.ArcGIS.Geodatabase.ISchemaLock.ChangeSchemaLock*
  commentId: Overload:ESRI.ArcGIS.Geodatabase.ISchemaLock.ChangeSchemaLock
  isExternal: true
  href: ESRI.ArcGIS.Geodatabase.ISchemaLock.html#ESRI_ArcGIS_Geodatabase_ISchemaLock_ChangeSchemaLock_ESRI_ArcGIS_Geodatabase_esriSchemaLock_
  name: ChangeSchemaLock
  nameWithType: ISchemaLock.ChangeSchemaLock
  fullName: ESRI.ArcGIS.Geodatabase.ISchemaLock.ChangeSchemaLock
- uid: ESRI.ArcGIS.Geodatabase.esriSchemaLock
  commentId: T:ESRI.ArcGIS.Geodatabase.esriSchemaLock
  parent: ESRI.ArcGIS.Geodatabase
  isExternal: true
  href: ESRI.ArcGIS.Geodatabase.esriSchemaLock.html
  name: esriSchemaLock
  nameWithType: esriSchemaLock
  fullName: ESRI.ArcGIS.Geodatabase.esriSchemaLock
- uid: ESRI.ArcGIS.Geodatabase.ISchemaLock.GetCurrentSchemaLocks*
  commentId: Overload:ESRI.ArcGIS.Geodatabase.ISchemaLock.GetCurrentSchemaLocks
  isExternal: true
  href: ESRI.ArcGIS.Geodatabase.ISchemaLock.html#ESRI_ArcGIS_Geodatabase_ISchemaLock_GetCurrentSchemaLocks_ESRI_ArcGIS_Geodatabase_IEnumSchemaLockInfo__
  name: GetCurrentSchemaLocks
  nameWithType: ISchemaLock.GetCurrentSchemaLocks
  fullName: ESRI.ArcGIS.Geodatabase.ISchemaLock.GetCurrentSchemaLocks
- uid: ESRI.ArcGIS.Geodatabase.IEnumSchemaLockInfo
  commentId: T:ESRI.ArcGIS.Geodatabase.IEnumSchemaLockInfo
  parent: ESRI.ArcGIS.Geodatabase
  isExternal: true
  href: ESRI.ArcGIS.Geodatabase.IEnumSchemaLockInfo.html
  name: IEnumSchemaLockInfo
  nameWithType: IEnumSchemaLockInfo
  fullName: ESRI.ArcGIS.Geodatabase.IEnumSchemaLockInfo
